<?xml version="1.0" encoding="utf-8"?>
<Project ToolsVersion="4.0" xmlns="http://schemas.microsoft.com/developer/msbuild/2003">
  <ItemGroup>
    <Filter Include="Source Files">
      <UniqueIdentifier>{ddf17810-d03d-4e89-b94a-9bbe2c01a17f}</UniqueIdentifier>
      <Extensions>cpp;c;cxx;def;odl;idl;hpj;bat;asm</Extensions>
    </Filter>
    <Filter Include="Header Files">
      <UniqueIdentifier>{58b45a5b-298f-4e89-95e2-91cff14f4862}</UniqueIdentifier>
      <Extensions>h;hpp;hxx;hm;inl;inc</Extensions>
    </Filter>
    <Filter Include="Resource Files">
      <UniqueIdentifier>{d072effe-0289-44ce-8fed-baa23dd05887}</UniqueIdentifier>
      <Extensions>rc;ico;cur;bmp;dlg;rc2;rct;bin;rgs;jpg;jpeg;jpe;manifest</Extensions>
    </Filter>
    <Filter Include="DeckLinkAPI">
      <UniqueIdentifier>{75cf46b9-7bf4-490a-961e-b294f573bcb6}</UniqueIdentifier>
    </Filter>
  </ItemGroup>
  <ItemGroup>
    <ClCompile Include="AcqVoltageSamples_IntClk.cpp">
      <Filter>Source Files</Filter>
    </ClCompile>
    <ClCompile Include="AcqVoltageSamples_IntClkDlg.cpp">
      <Filter>Source Files</Filter>
    </ClCompile>
    <ClCompile Include="Stdafx.cpp">
      <Filter>Source Files</Filter>
    </ClCompile>
    <ClCompile Include="textbox_okng.cpp">
      <Filter>Source Files</Filter>
    </ClCompile>
    <ClCompile Include="DlgModelSetup.cpp">
      <Filter>Source Files</Filter>
    </ClCompile>
    <ClCompile Include="DlgTestPage.cpp">
      <Filter>Source Files</Filter>
    </ClCompile>
    <ClCompile Include="MesDb.cpp">
      <Filter>Source Files</Filter>
    </ClCompile>
    <ClCompile Include="button_model_create.cpp">
      <Filter>Source Files</Filter>
    </ClCompile>
    <ClCompile Include="DlgNewModelName.cpp">
      <Filter>Source Files</Filter>
    </ClCompile>
    <ClCompile Include="FileControl.cpp">
      <Filter>Source Files</Filter>
    </ClCompile>
    <ClCompile Include="SerialPort.cpp">
      <Filter>Source Files</Filter>
    </ClCompile>
    <ClCompile Include="DlgConfig.cpp">
      <Filter>Source Files</Filter>
    </ClCompile>
    <ClCompile Include="DlgPassword.cpp">
      <Filter>Source Files</Filter>
    </ClCompile>
    <ClCompile Include="label_text.cpp">
      <Filter>Source Files</Filter>
    </ClCompile>
    <ClCompile Include="DlgReadyCodeSetup.cpp">
      <Filter>Source Files</Filter>
    </ClCompile>
    <ClCompile Include="DlgModelSetupSeq.cpp">
      <Filter>Source Files</Filter>
    </ClCompile>
    <ClCompile Include="PING.cpp">
      <Filter>Source Files</Filter>
    </ClCompile>
    <ClCompile Include="IcmpEcho.cpp">
      <Filter>Source Files</Filter>
    </ClCompile>
    <ClCompile Include="UdpAsySk.cpp">
      <Filter>Source Files</Filter>
    </ClCompile>
    <ClCompile Include="DlgResult.cpp">
      <Filter>Source Files</Filter>
    </ClCompile>
    <ClCompile Include="DlgBarcode.cpp">
      <Filter>Source Files</Filter>
    </ClCompile>
    <ClCompile Include="DlgMessage.cpp">
      <Filter>Source Files</Filter>
    </ClCompile>
    <ClCompile Include="DlgSimpleInform.cpp">
      <Filter>Source Files</Filter>
    </ClCompile>
    <ClCompile Include="CableChangeDlg.cpp">
      <Filter>Source Files</Filter>
    </ClCompile>
    <ClCompile Include="DeckLinkDevice.cpp">
      <Filter>Source Files</Filter>
    </ClCompile>
    <ClCompile Include="PreviewWindow.cpp">
      <Filter>Source Files</Filter>
    </ClCompile>
    <ClCompile Include="DeckLinkAPI_i.c">
      <Filter>DeckLinkAPI</Filter>
    </ClCompile>
    <ClCompile Include="UserMsgDlg.cpp">
      <Filter>Source Files</Filter>
    </ClCompile>
  </ItemGroup>
  <ItemGroup>
    <ClInclude Include="AcqVoltageSamples_IntClk.h">
      <Filter>Header Files</Filter>
    </ClInclude>
    <ClInclude Include="AcqVoltageSamples_IntClkDlg.h">
      <Filter>Header Files</Filter>
    </ClInclude>
    <ClInclude Include="Resource.h">
      <Filter>Header Files</Filter>
    </ClInclude>
    <ClInclude Include="stdafx.h">
      <Filter>Header Files</Filter>
    </ClInclude>
    <ClInclude Include="NiIncludes.h">
      <Filter>Header Files</Filter>
    </ClInclude>
    <ClInclude Include="textbox_okng.h">
      <Filter>Header Files</Filter>
    </ClInclude>
    <ClInclude Include="DlgModelSetup.h">
      <Filter>Header Files</Filter>
    </ClInclude>
    <ClInclude Include="DlgTestPage.h">
      <Filter>Header Files</Filter>
    </ClInclude>
    <ClInclude Include="MesDb.h">
      <Filter>Header Files</Filter>
    </ClInclude>
    <ClInclude Include="button_model_create.h">
      <Filter>Header Files</Filter>
    </ClInclude>
    <ClInclude Include="DlgNewModelName.h">
      <Filter>Header Files</Filter>
    </ClInclude>
    <ClInclude Include="FileControl.h">
      <Filter>Header Files</Filter>
    </ClInclude>
    <ClInclude Include="SerialPort.h">
      <Filter>Header Files</Filter>
    </ClInclude>
    <ClInclude Include="DlgConfig.h">
      <Filter>Header Files</Filter>
    </ClInclude>
    <ClInclude Include="DlgPassword.h">
      <Filter>Header Files</Filter>
    </ClInclude>
    <ClInclude Include="label_text.h">
      <Filter>Header Files</Filter>
    </ClInclude>
    <ClInclude Include="DlgReadyCodeSetup.h">
      <Filter>Header Files</Filter>
    </ClInclude>
    <ClInclude Include="DlgModelSetupSeq.h">
      <Filter>Header Files</Filter>
    </ClInclude>
    <ClInclude Include="ping.h">
      <Filter>Header Files</Filter>
    </ClInclude>
    <ClInclude Include="IcmpEcho.h">
      <Filter>Header Files</Filter>
    </ClInclude>
    <ClInclude Include="UdpAsySk.h">
      <Filter>Header Files</Filter>
    </ClInclude>
    <ClInclude Include="DlgResult.h">
      <Filter>Header Files</Filter>
    </ClInclude>
    <ClInclude Include="DlgBarcode.h">
      <Filter>Header Files</Filter>
    </ClInclude>
    <ClInclude Include="DlgMessage.h">
      <Filter>Header Files</Filter>
    </ClInclude>
    <ClInclude Include="DlgSimpleInform.h">
      <Filter>Header Files</Filter>
    </ClInclude>
    <ClInclude Include="CableChangeDlg.h">
      <Filter>Header Files</Filter>
    </ClInclude>
    <ClInclude Include="DeckLinkAPI_h.h">
      <Filter>Header Files</Filter>
    </ClInclude>
    <ClInclude Include="DeckLinkDevice.h">
      <Filter>Header Files</Filter>
    </ClInclude>
    <ClInclude Include="PreviewWindow.h">
      <Filter>Header Files</Filter>
    </ClInclude>
    <ClInclude Include="UserMsgDlg.h">
      <Filter>Header Files</Filter>
    </ClInclude>
  </ItemGroup>
  <ItemGroup>
    <None Include="res\AcqVoltageSamples_IntClk.ico">
      <Filter>Resource Files</Filter>
    </None>
    <None Include="res\AcqVoltageSamples_IntClk.rc2">
      <Filter>Resource Files</Filter>
    </None>
    <None Include="Readme.txt" />
    <None Include="res\bitmap1.bmp">
      <Filter>Resource Files</Filter>
    </None>
    <None Include="res\bitmap_start_on.bmp">
      <Filter>Resource Files</Filter>
    </None>
    <None Include="res\bitmap_off.bmp">
      <Filter>Resource Files</Filter>
    </None>
    <None Include="res\bitmap_model_on.bmp">
      <Filter>Resource Files</Filter>
    </None>
    <None Include="res\bitmap_modeloff.bmp">
      <Filter>Resource Files</Filter>
    </None>
    <None Include="res\bitmap_m.bmp">
      <Filter>Resource Files</Filter>
    </None>
    <None Include="res\bitmap_test_on.bmp">
      <Filter>Resource Files</Filter>
    </None>
    <None Include="res\bitmap_test_off.bmp">
      <Filter>Resource Files</Filter>
    </None>
    <None Include="res\bitmap_exit_on.bmp">
      <Filter>Resource Files</Filter>
    </None>
    <None Include="res\bitmap_exit_off.bmp">
      <Filter>Resource Files</Filter>
    </None>
    <None Include="res\bitmap_stop_on.bmp">
      <Filter>Resource Files</Filter>
    </None>
    <None Include="res\bitmap_stop_off.bmp">
      <Filter>Resource Files</Filter>
    </None>
    <None Include="res\bitmap_t.bmp">
      <Filter>Resource Files</Filter>
    </None>
    <None Include="res\bitmap_seq_label.bmp">
      <Filter>Resource Files</Filter>
    </None>
    <None Include="res\bitmap_test_label.bmp">
      <Filter>Resource Files</Filter>
    </None>
    <None Include="res\bitmap_main_top.bmp">
      <Filter>Resource Files</Filter>
    </None>
  </ItemGroup>
  <ItemGroup>
    <ResourceCompile Include="AcqVoltageSamples_IntClk.rc">
      <Filter>Resource Files</Filter>
    </ResourceCompile>
  </ItemGroup>
  <ItemGroup>
    <Library Include="icmp.Lib">
      <Filter>Source Files</Filter>
    </Library>
  </ItemGroup>
  <ItemGroup>
    <Midl Include="DeckLink\include\DeckLinkAPI.idl">
      <Filter>DeckLinkAPI</Filter>
    </Midl>
  </ItemGroup>
</Project>